// !$*UTF8*$!
{
	archiveVersion = 1;
	classes = {
	};
	objectVersion = 48;
	objects = {

/* Begin PBXBuildFile section */
		A837844A2178805C0056F40B /* SkillCell.swift in Sources */ = {isa = PBXBuildFile; fileRef = A83784492178805C0056F40B /* SkillCell.swift */; };
		A86D72E2217774F9002B96FA /* ProfileInfo.swift in Sources */ = {isa = PBXBuildFile; fileRef = A86D72E1217774F9002B96FA /* ProfileInfo.swift */; };
		A892DD9F21771E07002108B7 /* AppDelegate.swift in Sources */ = {isa = PBXBuildFile; fileRef = A892DD9E21771E07002108B7 /* AppDelegate.swift */; };
		A892DDA121771E07002108B7 /* ViewController.swift in Sources */ = {isa = PBXBuildFile; fileRef = A892DDA021771E07002108B7 /* ViewController.swift */; };
		A892DDA421771E07002108B7 /* Main.storyboard in Resources */ = {isa = PBXBuildFile; fileRef = A892DDA221771E07002108B7 /* Main.storyboard */; };
		A892DDA621771E07002108B7 /* Assets.xcassets in Resources */ = {isa = PBXBuildFile; fileRef = A892DDA521771E07002108B7 /* Assets.xcassets */; };
		A892DDA921771E07002108B7 /* LaunchScreen.storyboard in Resources */ = {isa = PBXBuildFile; fileRef = A892DDA721771E07002108B7 /* LaunchScreen.storyboard */; };
		A892DDB121774693002108B7 /* SecondViewController.swift in Sources */ = {isa = PBXBuildFile; fileRef = A892DDB021774693002108B7 /* SecondViewController.swift */; };
		E10D95C357EE9472C5A0C68F /* Pods_Companion.framework in Frameworks */ = {isa = PBXBuildFile; fileRef = EDB04ABEC31F0DA6BF233D06 /* Pods_Companion.framework */; };
/* End PBXBuildFile section */

/* Begin PBXFileReference section */
		A83784492178805C0056F40B /* SkillCell.swift */ = {isa = PBXFileReference; lastKnownFileType = sourcecode.swift; path = SkillCell.swift; sourceTree = "<group>"; };
		A86D72E1217774F9002B96FA /* ProfileInfo.swift */ = {isa = PBXFileReference; lastKnownFileType = sourcecode.swift; path = ProfileInfo.swift; sourceTree = "<group>"; };
		A892DD9B21771E07002108B7 /* Companion.app */ = {isa = PBXFileReference; explicitFileType = wrapper.application; includeInIndex = 0; path = Companion.app; sourceTree = BUILT_PRODUCTS_DIR; };
		A892DD9E21771E07002108B7 /* AppDelegate.swift */ = {isa = PBXFileReference; lastKnownFileType = sourcecode.swift; path = AppDelegate.swift; sourceTree = "<group>"; };
		A892DDA021771E07002108B7 /* ViewController.swift */ = {isa = PBXFileReference; lastKnownFileType = sourcecode.swift; path = ViewController.swift; sourceTree = "<group>"; };
		A892DDA321771E07002108B7 /* Base */ = {isa = PBXFileReference; lastKnownFileType = file.storyboard; name = Base; path = Base.lproj/Main.storyboard; sourceTree = "<group>"; };
		A892DDA521771E07002108B7 /* Assets.xcassets */ = {isa = PBXFileReference; lastKnownFileType = folder.assetcatalog; path = Assets.xcassets; sourceTree = "<group>"; };
		A892DDA821771E07002108B7 /* Base */ = {isa = PBXFileReference; lastKnownFileType = file.storyboard; name = Base; path = Base.lproj/LaunchScreen.storyboard; sourceTree = "<group>"; };
		A892DDAA21771E07002108B7 /* Info.plist */ = {isa = PBXFileReference; lastKnownFileType = text.plist.xml; path = Info.plist; sourceTree = "<group>"; };
		A892DDB021774693002108B7 /* SecondViewController.swift */ = {isa = PBXFileReference; lastKnownFileType = sourcecode.swift; path = SecondViewController.swift; sourceTree = "<group>"; };
		DAFCB9C335139FA99625EF6C /* Pods-Companion.debug.xcconfig */ = {isa = PBXFileReference; includeInIndex = 1; lastKnownFileType = text.xcconfig; name = "Pods-Companion.debug.xcconfig"; path = "Pods/Target Support Files/Pods-Companion/Pods-Companion.debug.xcconfig"; sourceTree = "<group>"; };
		E72BE88E328CEE696221B6C6 /* Pods-Companion.release.xcconfig */ = {isa = PBXFileReference; includeInIndex = 1; lastKnownFileType = text.xcconfig; name = "Pods-Companion.release.xcconfig"; path = "Pods/Target Support Files/Pods-Companion/Pods-Companion.release.xcconfig"; sourceTree = "<group>"; };
		EDB04ABEC31F0DA6BF233D06 /* Pods_Companion.framework */ = {isa = PBXFileReference; explicitFileType = wrapper.framework; includeInIndex = 0; path = Pods_Companion.framework; sourceTree = BUILT_PRODUCTS_DIR; };
/* End PBXFileReference section */

/* Begin PBXFrameworksBuildPhase section */
		A892DD9821771E07002108B7 /* Frameworks */ = {
			isa = PBXFrameworksBuildPhase;
			buildActionMask = 2147483647;
			files = (
				E10D95C357EE9472C5A0C68F /* Pods_Companion.framework in Frameworks */,
			);
			runOnlyForDeploymentPostprocessing = 0;
		};
/* End PBXFrameworksBuildPhase section */

/* Begin PBXGroup section */
		6F0CCCFC70420E78C62B8A00 /* Frameworks */ = {
			isa = PBXGroup;
			children = (
				EDB04ABEC31F0DA6BF233D06 /* Pods_Companion.framework */,
			);
			name = Frameworks;
			sourceTree = "<group>";
		};
		A892DD9221771E07002108B7 = {
			isa = PBXGroup;
			children = (
				A892DD9D21771E07002108B7 /* Companion */,
				A892DD9C21771E07002108B7 /* Products */,
				B78FA4551FFC8760E7B95ADF /* Pods */,
				6F0CCCFC70420E78C62B8A00 /* Frameworks */,
			);
			sourceTree = "<group>";
		};
		A892DD9C21771E07002108B7 /* Products */ = {
			isa = PBXGroup;
			children = (
				A892DD9B21771E07002108B7 /* Companion.app */,
			);
			name = Products;
			sourceTree = "<group>";
		};
		A892DD9D21771E07002108B7 /* Companion */ = {
			isa = PBXGroup;
			children = (
				A892DD9E21771E07002108B7 /* AppDelegate.swift */,
				A892DDA021771E07002108B7 /* ViewController.swift */,
				A892DDA221771E07002108B7 /* Main.storyboard */,
				A892DDA521771E07002108B7 /* Assets.xcassets */,
				A892DDA721771E07002108B7 /* LaunchScreen.storyboard */,
				A892DDAA21771E07002108B7 /* Info.plist */,
				A892DDB021774693002108B7 /* SecondViewController.swift */,
				A86D72E1217774F9002B96FA /* ProfileInfo.swift */,
				A83784492178805C0056F40B /* SkillCell.swift */,
			);
			path = Companion;
			sourceTree = "<group>";
		};
		B78FA4551FFC8760E7B95ADF /* Pods */ = {
			isa = PBXGroup;
			children = (
				DAFCB9C335139FA99625EF6C /* Pods-Companion.debug.xcconfig */,
				E72BE88E328CEE696221B6C6 /* Pods-Companion.release.xcconfig */,
			);
			name = Pods;
			sourceTree = "<group>";
		};
/* End PBXGroup section */

/* Begin PBXNativeTarget section */
		A892DD9A21771E07002108B7 /* Companion */ = {
			isa = PBXNativeTarget;
			buildConfigurationList = A892DDAD21771E07002108B7 /* Build configuration list for PBXNativeTarget "Companion" */;
			buildPhases = (
				B69D6CEC8FD1B530C472C23A /* [CP] Check Pods Manifest.lock */,
				A892DD9721771E07002108B7 /* Sources */,
				A892DD9821771E07002108B7 /* Frameworks */,
				A892DD9921771E07002108B7 /* Resources */,
				1DA52E65DF0258F952670359 /* [CP] Embed Pods Frameworks */,
			);
			buildRules = (
			);
			dependencies = (
			);
			name = Companion;
			productName = Companion;
			productReference = A892DD9B21771E07002108B7 /* Companion.app */;
			productType = "com.apple.product-type.application";
		};
/* End PBXNativeTarget section */

/* Begin PBXProject section */
		A892DD9321771E07002108B7 /* Project object */ = {
			isa = PBXProject;
			attributes = {
				LastSwiftUpdateCheck = 0920;
				LastUpgradeCheck = 0920;
				ORGANIZATIONNAME = "Serhii PERKHUN";
				TargetAttributes = {
					A892DD9A21771E07002108B7 = {
						CreatedOnToolsVersion = 9.2;
						ProvisioningStyle = Automatic;
					};
				};
			};
			buildConfigurationList = A892DD9621771E07002108B7 /* Build configuration list for PBXProject "Companion" */;
			compatibilityVersion = "Xcode 8.0";
			developmentRegion = en;
			hasScannedForEncodings = 0;
			knownRegions = (
				en,
				Base,
			);
			mainGroup = A892DD9221771E07002108B7;
			productRefGroup = A892DD9C21771E07002108B7 /* Products */;
			projectDirPath = "";
			projectRoot = "";
			targets = (
				A892DD9A21771E07002108B7 /* Companion */,
			);
		};
/* End PBXProject section */

/* Begin PBXResourcesBuildPhase section */
		A892DD9921771E07002108B7 /* Resources */ = {
			isa = PBXResourcesBuildPhase;
			buildActionMask = 2147483647;
			files = (
				A892DDA921771E07002108B7 /* LaunchScreen.storyboard in Resources */,
				A892DDA621771E07002108B7 /* Assets.xcassets in Resources */,
				A892DDA421771E07002108B7 /* Main.storyboard in Resources */,
			);
			runOnlyForDeploymentPostprocessing = 0;
		};
/* End PBXResourcesBuildPhase section */

/* Begin PBXShellScriptBuildPhase section */
		1DA52E65DF0258F952670359 /* [CP] Embed Pods Frameworks */ = {
			isa = PBXShellScriptBuildPhase;
			buildActionMask = 2147483647;
			files = (
			);
			inputPaths = (
				"${SRCROOT}/Pods/Target Support Files/Pods-Companion/Pods-Companion-frameworks.sh",
				"${BUILT_PRODUCTS_DIR}/Alamofire/Alamofire.framework",
				"${BUILT_PRODUCTS_DIR}/SwiftyJSON/SwiftyJSON.framework",
			);
			name = "[CP] Embed Pods Frameworks";
			outputPaths = (
				"${TARGET_BUILD_DIR}/${FRAMEWORKS_FOLDER_PATH}/Alamofire.framework",
				"${TARGET_BUILD_DIR}/${FRAMEWORKS_FOLDER_PATH}/SwiftyJSON.framework",
			);
			runOnlyForDeploymentPostprocessing = 0;
			shellPath = /bin/sh;
			shellScript = "\"${SRCROOT}/Pods/Target Support Files/Pods-Companion/Pods-Companion-frameworks.sh\"\n";
			showEnvVarsInLog = 0;
		};
		B69D6CEC8FD1B530C472C23A /* [CP] Check Pods Manifest.lock */ = {
			isa = PBXShellScriptBuildPhase;
			buildActionMask = 2147483647;
			files = (
			);
			inputPaths = (
				"${PODS_PODFILE_DIR_PATH}/Podfile.lock",
				"${PODS_ROOT}/Manifest.lock",
			);
			name = "[CP] Check Pods Manifest.lock";
			outputPaths = (
				"$(DERIVED_FILE_DIR)/Pods-Companion-checkManifestLockResult.txt",
			);
			runOnlyForDeploymentPostprocessing = 0;
			shellPath = /bin/sh;
			shellScript = "diff \"${PODS_PODFILE_DIR_PATH}/Podfile.lock\" \"${PODS_ROOT}/Manifest.lock\" > /dev/null\nif [ $? != 0 ] ; then\n    # print error to STDERR\n    echo \"error: The sandbox is not in sync with the Podfile.lock. Run 'pod install' or update your CocoaPods installation.\" >&2\n    exit 1\nfi\n# This output is used by Xcode 'outputs' to avoid re-running this script phase.\necho \"SUCCESS\" > \"${SCRIPT_OUTPUT_FILE_0}\"\n";
			showEnvVarsInLog = 0;
		};
/* End PBXShellScriptBuildPhase section */

/* Begin PBXSourcesBuildPhase section */
		A892DD9721771E07002108B7 /* Sources */ = {
			isa = PBXSourcesBuildPhase;
			buildActionMask = 2147483647;
			files = (
				A892DDB121774693002108B7 /* SecondViewController.swift in Sources */,
				A86D72E2217774F9002B96FA /* ProfileInfo.swift in Sources */,
				A892DDA121771E07002108B7 /* ViewController.swift in Sources */,
				A892DD9F21771E07002108B7 /* AppDelegate.swift in Sources */,
				A837844A2178805C0056F40B /* SkillCell.swift in Sources */,
			);
			runOnlyForDeploymentPostprocessing = 0;
		};
/* End PBXSourcesBuildPhase section */

/* Begin PBXVariantGroup section */
		A892DDA221771E07002108B7 /* Main.storyboard */ = {
			isa = PBXVariantGroup;
			children = (
				A892DDA321771E07002108B7 /* Base */,
			);
			name = Main.storyboard;
			sourceTree = "<group>";
		};
		A892DDA721771E07002108B7 /* LaunchScreen.storyboard */ = {
			isa = PBXVariantGroup;
			children = (
				A892DDA821771E07002108B7 /* Base */,
			);
			name = LaunchScreen.storyboard;
			sourceTree = "<group>";
		};
/* End PBXVariantGroup section */

/* Begin XCBuildConfiguration section */
		A892DDAB21771E07002108B7 /* Debug */ = {
			isa = XCBuildConfiguration;
			buildSettings = {
				ALWAYS_SEARCH_USER_PATHS = NO;
				CLANG_ANALYZER_NONNULL = YES;
				CLANG_ANALYZER_NUMBER_OBJECT_CONVERSION = YES_AGGRESSIVE;
				CLANG_CXX_LANGUAGE_STANDARD = "gnu++14";
				CLANG_CXX_LIBRARY = "libc++";
				CLANG_ENABLE_MODULES = YES;
				CLANG_ENABLE_OBJC_ARC = YES;
				CLANG_WARN_BLOCK_CAPTURE_AUTORELEASING = YES;
				CLANG_WARN_BOOL_CONVERSION = YES;
				CLANG_WARN_COMMA = YES;
				CLANG_WARN_CONSTANT_CONVERSION = YES;
				CLANG_WARN_DIRECT_OBJC_ISA_USAGE = YES_ERROR;
				CLANG_WARN_DOCUMENTATION_COMMENTS = YES;
				CLANG_WARN_EMPTY_BODY = YES;
				CLANG_WARN_ENUM_CONVERSION = YES;
				CLANG_WARN_INFINITE_RECURSION = YES;
				CLANG_WARN_INT_CONVERSION = YES;
				CLANG_WARN_NON_LITERAL_NULL_CONVERSION = YES;
				CLANG_WARN_OBJC_LITERAL_CONVERSION = YES;
				CLANG_WARN_OBJC_ROOT_CLASS = YES_ERROR;
				CLANG_WARN_RANGE_LOOP_ANALYSIS = YES;
				CLANG_WARN_STRICT_PROTOTYPES = YES;
				CLANG_WARN_SUSPICIOUS_MOVE = YES;
				CLANG_WARN_UNGUARDED_AVAILABILITY = YES_AGGRESSIVE;
				CLANG_WARN_UNREACHABLE_CODE = YES;
				CLANG_WARN__DUPLICATE_METHOD_MATCH = YES;
				CODE_SIGN_IDENTITY = "iPhone Developer";
				COPY_PHASE_STRIP = NO;
				DEBUG_INFORMATION_FORMAT = dwarf;
				ENABLE_STRICT_OBJC_MSGSEND = YES;
				ENABLE_TESTABILITY = YES;
				GCC_C_LANGUAGE_STANDARD = gnu11;
				GCC_DYNAMIC_NO_PIC = NO;
				GCC_NO_COMMON_BLOCKS = YES;
				GCC_OPTIMIZATION_LEVEL = 0;
				GCC_PREPROCESSOR_DEFINITIONS = (
					"DEBUG=1",
					"$(inherited)",
				);
				GCC_WARN_64_TO_32_BIT_CONVERSION = YES;
				GCC_WARN_ABOUT_RETURN_TYPE = YES_ERROR;
				GCC_WARN_UNDECLARED_SELECTOR = YES;
				GCC_WARN_UNINITIALIZED_AUTOS = YES_AGGRESSIVE;
				GCC_WARN_UNUSED_FUNCTION = YES;
				GCC_WARN_UNUSED_VARIABLE = YES;
				IPHONEOS_DEPLOYMENT_TARGET = 11.2;
				MTL_ENABLE_DEBUG_INFO = YES;
				ONLY_ACTIVE_ARCH = YES;
				SDKROOT = iphoneos;
				SWIFT_ACTIVE_COMPILATION_CONDITIONS = DEBUG;
				SWIFT_OPTIMIZATION_LEVEL = "-Onone";
			};
			name = Debug;
		};
		A892DDAC21771E07002108B7 /* Release */ = {
			isa = XCBuildConfiguration;
			buildSettings = {
				ALWAYS_SEARCH_USER_PATHS = NO;
				CLANG_ANALYZER_NONNULL = YES;
				CLANG_ANALYZER_NUMBER_OBJECT_CONVERSION = YES_AGGRESSIVE;
				CLANG_CXX_LANGUAGE_STANDARD = "gnu++14";
				CLANG_CXX_LIBRARY = "libc++";
				CLANG_ENABLE_MODULES = YES;
				CLANG_ENABLE_OBJC_ARC = YES;
				CLANG_WARN_BLOCK_CAPTURE_AUTORELEASING = YES;
				CLANG_WARN_BOOL_CONVERSION = YES;
				CLANG_WARN_COMMA = YES;
				CLANG_WARN_CONSTANT_CONVERSION = YES;
				CLANG_WARN_DIRECT_OBJC_ISA_USAGE = YES_ERROR;
				CLANG_WARN_DOCUMENTATION_COMMENTS = YES;
				CLANG_WARN_EMPTY_BODY = YES;
				CLANG_WARN_ENUM_CONVERSION = YES;
				CLANG_WARN_INFINITE_RECURSION = YES;
				CLANG_WARN_INT_CONVERSION = YES;
				CLANG_WARN_NON_LITERAL_NULL_CONVERSION = YES;
				CLANG_WARN_OBJC_LITERAL_CONVERSION = YES;
				CLANG_WARN_OBJC_ROOT_CLASS = YES_ERROR;
				CLANG_WARN_RANGE_LOOP_ANALYSIS = YES;
				CLANG_WARN_STRICT_PROTOTYPES = YES;
				CLANG_WARN_SUSPICIOUS_MOVE = YES;
				CLANG_WARN_UNGUARDED_AVAILABILITY = YES_AGGRESSIVE;
				CLANG_WARN_UNREACHABLE_CODE = YES;
				CLANG_WARN__DUPLICATE_METHOD_MATCH = YES;
				CODE_SIGN_IDENTITY = "iPhone Developer";
				COPY_PHASE_STRIP = NO;
				DEBUG_INFORMATION_FORMAT = "dwarf-with-dsym";
				ENABLE_NS_ASSERTIONS = NO;
				ENABLE_STRICT_OBJC_MSGSEND = YES;
				GCC_C_LANGUAGE_STANDARD = gnu11;
				GCC_NO_COMMON_BLOCKS = YES;
				GCC_WARN_64_TO_32_BIT_CONVERSION = YES;
				GCC_WARN_ABOUT_RETURN_TYPE = YES_ERROR;
				GCC_WARN_UNDECLARED_SELECTOR = YES;
				GCC_WARN_UNINITIALIZED_AUTOS = YES_AGGRESSIVE;
				GCC_WARN_UNUSED_FUNCTION = YES;
				GCC_WARN_UNUSED_VARIABLE = YES;
				IPHONEOS_DEPLOYMENT_TARGET = 11.2;
				MTL_ENABLE_DEBUG_INFO = NO;
				SDKROOT = iphoneos;
				SWIFT_OPTIMIZATION_LEVEL = "-Owholemodule";
				VALIDATE_PRODUCT = YES;
			};
			name = Release;
		};
		A892DDAE21771E07002108B7 /* Debug */ = {
			isa = XCBuildConfiguration;
			baseConfigurationReference = DAFCB9C335139FA99625EF6C /* Pods-Companion.debug.xcconfig */;
			buildSettings = {
				ASSETCATALOG_COMPILER_APPICON_NAME = AppIcon;
				CODE_SIGN_STYLE = Automatic;
				DEVELOPMENT_TEAM = 6Y8AFKPKPS;
				INFOPLIST_FILE = Companion/Info.plist;
				IPHONEOS_DEPLOYMENT_TARGET = 11.0;
				LD_RUNPATH_SEARCH_PATHS = "$(inherited) @executable_path/Frameworks";
				PRODUCT_BUNDLE_IDENTIFIER = sperkhun.Companion;
				PRODUCT_NAME = "$(TARGET_NAME)";
				SWIFT_VERSION = 4.0;
				TARGETED_DEVICE_FAMILY = "1,2";
			};
			name = Debug;
		};
		A892DDAF21771E07002108B7 /* Release */ = {
			isa = XCBuildConfiguration;
			baseConfigurationReference = E72BE88E328CEE696221B6C6 /* Pods-Companion.release.xcconfig */;
			buildSettings = {
				ASSETCATALOG_COMPILER_APPICON_NAME = AppIcon;
				CODE_SIGN_STYLE = Automatic;
				DEVELOPMENT_TEAM = 6Y8AFKPKPS;
				INFOPLIST_FILE = Companion/Info.plist;
				IPHONEOS_DEPLOYMENT_TARGET = 11.0;
				LD_RUNPATH_SEARCH_PATHS = "$(inherited) @executable_path/Frameworks";
				PRODUCT_BUNDLE_IDENTIFIER = sperkhun.Companion;
				PRODUCT_NAME = "$(TARGET_NAME)";
				SWIFT_VERSION = 4.0;
				TARGETED_DEVICE_FAMILY = "1,2";
			};
			name = Release;
		};
/* End XCBuildConfiguration section */

/* Begin XCConfigurationList section */
		A892DD9621771E07002108B7 /* Build configuration list for PBXProject "Companion" */ = {
			isa = XCConfigurationList;
			buildConfigurations = (
				A892DDAB21771E07002108B7 /* Debug */,
				A892DDAC21771E07002108B7 /* Release */,
			);
			defaultConfigurationIsVisible = 0;
			defaultConfigurationName = Release;
		};
		A892DDAD21771E07002108B7 /* Build configuration list for PBXNativeTarget "Companion" */ = {
			isa = XCConfigurationList;
			buildConfigurations = (
				A892DDAE21771E07002108B7 /* Debug */,
				A892DDAF21771E07002108B7 /* Release */,
			);
			defaultConfigurationIsVisible = 0;
			defaultConfigurationName = Release;
		};
/* End XCConfigurationList section */
	};
	rootObject = A892DD9321771E07002108B7 /* Project object */;
}
